<?xml version="1.0" encoding="utf-8"?>
<Project ToolsVersion="4.0" xmlns="http://schemas.microsoft.com/developer/msbuild/2003">
  <ItemGroup>
    <Filter Include="Source Files">
      <UniqueIdentifier>{4FC737F1-C7A5-4376-A066-2A32D752A2FF}</UniqueIdentifier>
      <Extensions>cpp;c;cc;cxx;def;odl;idl;hpj;bat;asm;asmx</Extensions>
    </Filter>
    <Filter Include="Header Files">
      <UniqueIdentifier>{93995380-89BD-4b04-88EB-625FBE52EBFB}</UniqueIdentifier>
      <Extensions>h;hh;hpp;hxx;hm;inl;inc;xsd</Extensions>
    </Filter>
    <Filter Include="Resource Files">
      <UniqueIdentifier>{67DA6AB6-F800-4c08-8B7A-83BB121AAD01}</UniqueIdentifier>
      <Extensions>rc;ico;cur;bmp;dlg;rc2;rct;bin;rgs;gif;jpg;jpeg;jpe;resx;tiff;tif;png;wav;mfcribbon-ms</Extensions>
    </Filter>
    <Filter Include="Source Files\ch07_class">
      <UniqueIdentifier>{ace32221-f251-4395-842a-a977bf240eb7}</UniqueIdentifier>
    </Filter>
    <Filter Include="Source Files\ch08_io_library">
      <UniqueIdentifier>{c0ab5ec7-71a2-4ccf-a34b-963fb63636b9}</UniqueIdentifier>
    </Filter>
    <Filter Include="Source Files\ch09_sequential_containers">
      <UniqueIdentifier>{b30f66ce-7135-4ed0-add6-1ae345fd2285}</UniqueIdentifier>
    </Filter>
    <Filter Include="Source Files\ch10_generic_algorithms">
      <UniqueIdentifier>{c6c40515-ad7e-4a0d-96c0-b1e2414ea205}</UniqueIdentifier>
    </Filter>
    <Filter Include="Source Files\ch11_associative_containers">
      <UniqueIdentifier>{7a9d03d4-9557-436e-ada4-6139613de904}</UniqueIdentifier>
    </Filter>
    <Filter Include="Source Files\ch12_dynamic_memory">
      <UniqueIdentifier>{79a8b433-de68-4f5c-928f-5a413b2538c7}</UniqueIdentifier>
    </Filter>
    <Filter Include="Source Files\ch13_copy_control">
      <UniqueIdentifier>{412224b8-de72-443d-9b2d-f511f101a983}</UniqueIdentifier>
    </Filter>
    <Filter Include="Source Files\ch15_object_oriented_programming">
      <UniqueIdentifier>{d7806b39-3afe-48fc-8dca-2bbca7a3e0de}</UniqueIdentifier>
    </Filter>
    <Filter Include="Source Files\ch16_templates_and_generic_programming">
      <UniqueIdentifier>{4515435c-4f45-41d0-97e2-224cbd9a4634}</UniqueIdentifier>
    </Filter>
    <Filter Include="Source Files\ch17_specialized_library_facilities">
      <UniqueIdentifier>{bcaf1d6f-53b1-4c1d-a8eb-6fd685bf60a4}</UniqueIdentifier>
    </Filter>
    <Filter Include="Source Files\ch18_tools_for_large_programs">
      <UniqueIdentifier>{c7d2d49c-2b8d-4a2b-9ebd-54092c1033e4}</UniqueIdentifier>
    </Filter>
    <Filter Include="Source Files\ch19_specialized_tools_and_techniques">
      <UniqueIdentifier>{9de21b83-6380-4b0a-83f6-4bc5e2a94f28}</UniqueIdentifier>
    </Filter>
    <Filter Include="Source Files\ch14_overloaded_operations_and_conversions">
      <UniqueIdentifier>{96f53574-d3c9-43cf-a60a-a11a1c91bf6b}</UniqueIdentifier>
    </Filter>
    <Filter Include="Source Files\ch02_variables_and_basic_types">
      <UniqueIdentifier>{f849b351-bb3e-48af-aceb-96fb85540218}</UniqueIdentifier>
    </Filter>
  </ItemGroup>
  <ItemGroup>
    <ClCompile Include="ch7_define.cpp">
      <Filter>Source Files\ch07_class</Filter>
    </ClCompile>
    <ClCompile Include="ch09_example.cpp">
      <Filter>Source Files\ch09_sequential_containers</Filter>
    </ClCompile>
    <ClCompile Include="ch08_example.cpp">
      <Filter>Source Files\ch08_io_library</Filter>
    </ClCompile>
    <ClCompile Include="ch10_example.cpp">
      <Filter>Source Files\ch10_generic_algorithms</Filter>
    </ClCompile>
    <ClCompile Include="ch11_example.cpp">
      <Filter>Source Files\ch11_associative_containers</Filter>
    </ClCompile>
    <ClCompile Include="ch12_example.cpp">
      <Filter>Source Files\ch12_dynamic_memory</Filter>
    </ClCompile>
    <ClCompile Include="ch13_example.cpp">
      <Filter>Source Files\ch13_copy_control</Filter>
    </ClCompile>
    <ClCompile Include="ch14_example.cpp">
      <Filter>Source Files\ch14_overloaded_operations_and_conversions</Filter>
    </ClCompile>
    <ClCompile Include="ch15_example.cpp">
      <Filter>Source Files\ch15_object_oriented_programming</Filter>
    </ClCompile>
    <ClCompile Include="ch16_example.cpp">
      <Filter>Source Files\ch16_templates_and_generic_programming</Filter>
    </ClCompile>
    <ClCompile Include="ch17_example.cpp">
      <Filter>Source Files\ch17_specialized_library_facilities</Filter>
    </ClCompile>
    <ClCompile Include="ch18_example.cpp">
      <Filter>Source Files\ch18_tools_for_large_programs</Filter>
    </ClCompile>
    <ClCompile Include="ch19_example.cpp">
      <Filter>Source Files\ch19_specialized_tools_and_techniques</Filter>
    </ClCompile>
    <ClCompile Include="compound_type.cpp">
      <Filter>Source Files\ch02_variables_and_basic_types</Filter>
    </ClCompile>
  </ItemGroup>
  <ItemGroup>
    <ClInclude Include="ch07_define.h">
      <Filter>Header Files</Filter>
    </ClInclude>
    <ClInclude Include="ch12_define.h">
      <Filter>Header Files</Filter>
    </ClInclude>
  </ItemGroup>
</Project>